// !$*UTF8*$!
{
	archiveVersion = 1;
	classes = {
	};
	objectVersion = 46;
	objects = {

/* Begin PBXAggregateTarget section */
		D6B7B9BB13F09A84000D02E8 /* build */ = {
			isa = PBXAggregateTarget;
			buildConfigurationList = D6B7B9BC13F09A84000D02E8 /* Build configuration list for PBXAggregateTarget "build" */;
			buildPhases = (
				D657214613F09C230087EE6E /* Clean bin */,
				D657214513F09BE20087EE6E /* Assemble products into bin */,
			);
			dependencies = (
				D6AE7A52156E0A92007294C5 /* PBXTargetDependency */,
				D6138A9A13FA6A2F000019A2 /* PBXTargetDependency */,
				D6138A7A13FA69AE000019A2 /* PBXTargetDependency */,
				D6C3F168157467EF004A2A9F /* PBXTargetDependency */,
			);
			name = build;
			productName = builder;
		};
/* End PBXAggregateTarget section */

/* Begin PBXContainerItemProxy section */
		D6138A7913FA69AE000019A2 /* PBXContainerItemProxy */ = {
			isa = PBXContainerItemProxy;
			containerPortal = D6138A7313FA6976000019A2 /* daemon.xcodeproj */;
			proxyType = 1;
			remoteGlobalIDString = D6138A6513FA6971000019A2;
			remoteInfo = asepsisd;
		};
		D6138A9713FA6A15000019A2 /* PBXContainerItemProxy */ = {
			isa = PBXContainerItemProxy;
			containerPortal = D6138A9313FA6A15000019A2 /* test.xcodeproj */;
			proxyType = 2;
			remoteGlobalIDString = D6138A8613FA6A0F000019A2;
			remoteInfo = test;
		};
		D6138A9913FA6A2F000019A2 /* PBXContainerItemProxy */ = {
			isa = PBXContainerItemProxy;
			containerPortal = D6138A9313FA6A15000019A2 /* test.xcodeproj */;
			proxyType = 1;
			remoteGlobalIDString = D6138A8513FA6A0F000019A2;
			remoteInfo = asepsisTest;
		};
		D6A8F359156B2CA300C4E046 /* PBXContainerItemProxy */ = {
			isa = PBXContainerItemProxy;
			containerPortal = D67C33E01560EAF3007E9A0A /* wrapper.xcodeproj */;
			proxyType = 2;
			remoteGlobalIDString = D67C33C81560EAF3007E9A0A;
			remoteInfo = DesktopServicesPrivWrapper;
		};
		D6AE7A51156E0A92007294C5 /* PBXContainerItemProxy */ = {
			isa = PBXContainerItemProxy;
			containerPortal = D67C33E01560EAF3007E9A0A /* wrapper.xcodeproj */;
			proxyType = 1;
			remoteGlobalIDString = D67C33C71560EAF3007E9A0A;
			remoteInfo = DesktopServicesPrivWrapper;
		};
		D6C3F165157467E9004A2A9F /* PBXContainerItemProxy */ = {
			isa = PBXContainerItemProxy;
			containerPortal = D610B7081574672400D209C8 /* updater.xcodeproj */;
			proxyType = 2;
			remoteGlobalIDString = D685C57613A36BE000A23F94;
			remoteInfo = AsepsisUpdater;
		};
		D6C3F167157467EF004A2A9F /* PBXContainerItemProxy */ = {
			isa = PBXContainerItemProxy;
			containerPortal = D610B7081574672400D209C8 /* updater.xcodeproj */;
			proxyType = 1;
			remoteGlobalIDString = D6BDB635139E1B6F00501FAA;
			remoteInfo = AsepsisUpdater;
		};
		D6EF772F13FB7E7500863D7D /* PBXContainerItemProxy */ = {
			isa = PBXContainerItemProxy;
			containerPortal = D6138A7313FA6976000019A2 /* daemon.xcodeproj */;
			proxyType = 2;
			remoteGlobalIDString = D6EF771C13FB7E7400863D7D;
			remoteInfo = asepsisd;
		};
/* End PBXContainerItemProxy section */

/* Begin PBXFileReference section */
		D610B7081574672400D209C8 /* updater.xcodeproj */ = {isa = PBXFileReference; lastKnownFileType = "wrapper.pb-project"; name = updater.xcodeproj; path = ../updater/updater.xcodeproj; sourceTree = "<group>"; };
		D6138A7313FA6976000019A2 /* daemon.xcodeproj */ = {isa = PBXFileReference; lastKnownFileType = "wrapper.pb-project"; name = daemon.xcodeproj; path = ../daemon/daemon.xcodeproj; sourceTree = "<group>"; };
		D6138A9313FA6A15000019A2 /* test.xcodeproj */ = {isa = PBXFileReference; lastKnownFileType = "wrapper.pb-project"; name = test.xcodeproj; path = ../test/test.xcodeproj; sourceTree = "<group>"; };
		D67C33E01560EAF3007E9A0A /* wrapper.xcodeproj */ = {isa = PBXFileReference; lastKnownFileType = "wrapper.pb-project"; name = wrapper.xcodeproj; path = ../wrapper/wrapper.xcodeproj; sourceTree = "<group>"; };
/* End PBXFileReference section */

/* Begin PBXGroup section */
		D6138A7413FA6976000019A2 /* Products */ = {
			isa = PBXGroup;
			children = (
				D6EF773013FB7E7500863D7D /* asepsisd */,
			);
			name = Products;
			sourceTree = "<group>";
		};
		D6138A9413FA6A15000019A2 /* Products */ = {
			isa = PBXGroup;
			children = (
				D6138A9813FA6A15000019A2 /* test */,
			);
			name = Products;
			sourceTree = "<group>";
		};
		D6A8F356156B2CA300C4E046 /* Products */ = {
			isa = PBXGroup;
			children = (
				D6A8F35A156B2CA300C4E046 /* DesktopServicesPrivWrapper.framework */,
			);
			name = Products;
			sourceTree = "<group>";
		};
		D6B7B9AE13F09A4B000D02E8 = {
			isa = PBXGroup;
			children = (
				D610B7081574672400D209C8 /* updater.xcodeproj */,
				D67C33E01560EAF3007E9A0A /* wrapper.xcodeproj */,
				D6138A9313FA6A15000019A2 /* test.xcodeproj */,
				D6138A7313FA6976000019A2 /* daemon.xcodeproj */,
			);
			sourceTree = "<group>";
		};
		D6C3F162157467E9004A2A9F /* Products */ = {
			isa = PBXGroup;
			children = (
				D6C3F166157467E9004A2A9F /* AsepsisUpdater.app */,
			);
			name = Products;
			sourceTree = "<group>";
		};
/* End PBXGroup section */

/* Begin PBXProject section */
		D6B7B9B013F09A4B000D02E8 /* Project object */ = {
			isa = PBXProject;
			attributes = {
				LastUpgradeCheck = 0430;
			};
			buildConfigurationList = D6B7B9B313F09A4B000D02E8 /* Build configuration list for PBXProject "packager" */;
			compatibilityVersion = "Xcode 3.2";
			developmentRegion = English;
			hasScannedForEncodings = 0;
			knownRegions = (
				en,
			);
			mainGroup = D6B7B9AE13F09A4B000D02E8;
			projectDirPath = "";
			projectReferences = (
				{
					ProductGroup = D6138A7413FA6976000019A2 /* Products */;
					ProjectRef = D6138A7313FA6976000019A2 /* daemon.xcodeproj */;
				},
				{
					ProductGroup = D6138A9413FA6A15000019A2 /* Products */;
					ProjectRef = D6138A9313FA6A15000019A2 /* test.xcodeproj */;
				},
				{
					ProductGroup = D6C3F162157467E9004A2A9F /* Products */;
					ProjectRef = D610B7081574672400D209C8 /* updater.xcodeproj */;
				},
				{
					ProductGroup = D6A8F356156B2CA300C4E046 /* Products */;
					ProjectRef = D67C33E01560EAF3007E9A0A /* wrapper.xcodeproj */;
				},
			);
			projectRoot = "";
			targets = (
				D6B7B9BB13F09A84000D02E8 /* build */,
			);
		};
/* End PBXProject section */

/* Begin PBXReferenceProxy section */
		D6138A9813FA6A15000019A2 /* test */ = {
			isa = PBXReferenceProxy;
			fileType = "compiled.mach-o.executable";
			name = test;
			path = asepsisTest;
			remoteRef = D6138A9713FA6A15000019A2 /* PBXContainerItemProxy */;
			sourceTree = BUILT_PRODUCTS_DIR;
		};
		D6A8F35A156B2CA300C4E046 /* DesktopServicesPrivWrapper.framework */ = {
			isa = PBXReferenceProxy;
			fileType = wrapper.framework;
			path = DesktopServicesPrivWrapper.framework;
			remoteRef = D6A8F359156B2CA300C4E046 /* PBXContainerItemProxy */;
			sourceTree = BUILT_PRODUCTS_DIR;
		};
		D6C3F166157467E9004A2A9F /* AsepsisUpdater.app */ = {
			isa = PBXReferenceProxy;
			fileType = wrapper.application;
			path = AsepsisUpdater.app;
			remoteRef = D6C3F165157467E9004A2A9F /* PBXContainerItemProxy */;
			sourceTree = BUILT_PRODUCTS_DIR;
		};
		D6EF773013FB7E7500863D7D /* asepsisd */ = {
			isa = PBXReferenceProxy;
			fileType = "compiled.mach-o.executable";
			path = asepsisd;
			remoteRef = D6EF772F13FB7E7500863D7D /* PBXContainerItemProxy */;
			sourceTree = BUILT_PRODUCTS_DIR;
		};
/* End PBXReferenceProxy section */

/* Begin PBXShellScriptBuildPhase section */
		D657214513F09BE20087EE6E /* Assemble products into bin */ = {
			isa = PBXShellScriptBuildPhase;
			buildActionMask = 2147483647;
			files = (
			);
			inputPaths = (
			);
			name = "Assemble products into bin";
			outputPaths = (
			);
			runOnlyForDeploymentPostprocessing = 0;
			shellPath = /bin/sh;
			shellScript = "BIN=\"$PROJECT_DIR/../bin\"\n\nTARGET=\"$BIN/Asepsis\"\nDAEMON=\"$TARGET/asepsisd\"\nTEST=\"$TARGET/asepsisTest\"\nWRAPPER=\"$TARGET/DesktopServicesPrivWrapper\"\nUPDATER=\"$TARGET/AsepsisUpdater.app\"\n\necho \"build products dir is $BUILT_PRODUCTS_DIR\"\necho \"assembling final products in $BIN\"\n\nmkdir -p \"$TARGET\"\ncp \"$PROJECT_DIR\"/com.binaryage.*.plist \"$TARGET\"\ncp \"$PROJECT_DIR/finish-uninstall.sh\" \"$TARGET\"\ncp \"$PROJECT_DIR/finish-kext-uninstall.sh\" \"$TARGET\"\ncp \"$PROJECT_DIR/launch-updater.sh\" \"$TARGET\"\ncp -Rf \"$BUILT_PRODUCTS_DIR/asepsisd\" \"$DAEMON\"\ncp -Rf \"$BUILT_PRODUCTS_DIR/asepsisTest\" \"$TEST\"\ncp -Rf \"$BUILT_PRODUCTS_DIR/DesktopServicesPrivWrapper.framework/Versions/A/DesktopServicesPrivWrapper\" \"$WRAPPER\"\ncp -Rf \"$BUILT_PRODUCTS_DIR/AsepsisUpdater.app\" \"$UPDATER\"\ncp /usr/bin/install_name_tool \"$TARGET\"\n\ninstall_name_tool -change \"/System/Library/PrivateFrameworks/DesktopServicesPriv.framework/Versions/A/DesktopServicesPriv\" \"/System/Library/PrivateFrameworks/DesktopServicesPriv.framework/Versions/A_/DesktopServicesPriv\" \"$WRAPPER\"\n\ncp -Rf \"$PROJECT_DIR/../ctl\" \"$TARGET\"";
			showEnvVarsInLog = 0;
		};
		D657214613F09C230087EE6E /* Clean bin */ = {
			isa = PBXShellScriptBuildPhase;
			buildActionMask = 2147483647;
			files = (
			);
			inputPaths = (
			);
			name = "Clean bin";
			outputPaths = (
			);
			runOnlyForDeploymentPostprocessing = 0;
			shellPath = /bin/sh;
			shellScript = "BIN=\"$PROJECT_DIR/../bin\"\nrm -rf \"$BIN\"\nmkdir -p \"$BIN\"";
			showEnvVarsInLog = 0;
		};
/* End PBXShellScriptBuildPhase section */

/* Begin PBXTargetDependency section */
		D6138A7A13FA69AE000019A2 /* PBXTargetDependency */ = {
			isa = PBXTargetDependency;
			name = asepsisd;
			targetProxy = D6138A7913FA69AE000019A2 /* PBXContainerItemProxy */;
		};
		D6138A9A13FA6A2F000019A2 /* PBXTargetDependency */ = {
			isa = PBXTargetDependency;
			name = asepsisTest;
			targetProxy = D6138A9913FA6A2F000019A2 /* PBXContainerItemProxy */;
		};
		D6AE7A52156E0A92007294C5 /* PBXTargetDependency */ = {
			isa = PBXTargetDependency;
			name = DesktopServicesPrivWrapper;
			targetProxy = D6AE7A51156E0A92007294C5 /* PBXContainerItemProxy */;
		};
		D6C3F168157467EF004A2A9F /* PBXTargetDependency */ = {
			isa = PBXTargetDependency;
			name = AsepsisUpdater;
			targetProxy = D6C3F167157467EF004A2A9F /* PBXContainerItemProxy */;
		};
/* End PBXTargetDependency section */

/* Begin XCBuildConfiguration section */
		D6B7B9B613F09A4B000D02E8 /* Debug */ = {
			isa = XCBuildConfiguration;
			buildSettings = {
				ALWAYS_SEARCH_USER_PATHS = NO;
				ARCHS = "$(ARCHS_STANDARD_64_BIT)";
				COPY_PHASE_STRIP = NO;
				GCC_C_LANGUAGE_STANDARD = gnu99;
				GCC_DYNAMIC_NO_PIC = NO;
				GCC_ENABLE_OBJC_EXCEPTIONS = YES;
				GCC_OPTIMIZATION_LEVEL = 0;
				GCC_PREPROCESSOR_DEFINITIONS = (
					"DEBUG=1",
					"$(inherited)",
				);
				GCC_SYMBOLS_PRIVATE_EXTERN = NO;
				GCC_VERSION = com.apple.compilers.llvm.clang.1_0;
				GCC_WARN_64_TO_32_BIT_CONVERSION = YES;
				GCC_WARN_ABOUT_MISSING_PROTOTYPES = YES;
				GCC_WARN_ABOUT_RETURN_TYPE = YES;
				GCC_WARN_UNUSED_VARIABLE = YES;
				MACOSX_DEPLOYMENT_TARGET = 10.7;
				ONLY_ACTIVE_ARCH = YES;
				SDKROOT = macosx;
			};
			name = Debug;
		};
		D6B7B9B713F09A4B000D02E8 /* Release */ = {
			isa = XCBuildConfiguration;
			buildSettings = {
				ALWAYS_SEARCH_USER_PATHS = NO;
				ARCHS = "$(ARCHS_STANDARD_64_BIT)";
				COPY_PHASE_STRIP = YES;
				DEBUG_INFORMATION_FORMAT = "dwarf-with-dsym";
				GCC_C_LANGUAGE_STANDARD = gnu99;
				GCC_ENABLE_OBJC_EXCEPTIONS = YES;
				GCC_VERSION = com.apple.compilers.llvm.clang.1_0;
				GCC_WARN_64_TO_32_BIT_CONVERSION = YES;
				GCC_WARN_ABOUT_MISSING_PROTOTYPES = YES;
				GCC_WARN_ABOUT_RETURN_TYPE = YES;
				GCC_WARN_UNUSED_VARIABLE = YES;
				MACOSX_DEPLOYMENT_TARGET = 10.7;
				SDKROOT = macosx;
			};
			name = Release;
		};
		D6B7B9BD13F09A84000D02E8 /* Debug */ = {
			isa = XCBuildConfiguration;
			buildSettings = {
				PRODUCT_NAME = "$(TARGET_NAME)";
			};
			name = Debug;
		};
		D6B7B9BE13F09A84000D02E8 /* Release */ = {
			isa = XCBuildConfiguration;
			buildSettings = {
				PRODUCT_NAME = "$(TARGET_NAME)";
			};
			name = Release;
		};
/* End XCBuildConfiguration section */

/* Begin XCConfigurationList section */
		D6B7B9B313F09A4B000D02E8 /* Build configuration list for PBXProject "packager" */ = {
			isa = XCConfigurationList;
			buildConfigurations = (
				D6B7B9B613F09A4B000D02E8 /* Debug */,
				D6B7B9B713F09A4B000D02E8 /* Release */,
			);
			defaultConfigurationIsVisible = 0;
			defaultConfigurationName = Release;
		};
		D6B7B9BC13F09A84000D02E8 /* Build configuration list for PBXAggregateTarget "build" */ = {
			isa = XCConfigurationList;
			buildConfigurations = (
				D6B7B9BD13F09A84000D02E8 /* Debug */,
				D6B7B9BE13F09A84000D02E8 /* Release */,
			);
			defaultConfigurationIsVisible = 0;
			defaultConfigurationName = Release;
		};
/* End XCConfigurationList section */
	};
	rootObject = D6B7B9B013F09A4B000D02E8 /* Project object */;
}
