// !$*UTF8*$!
{
	archiveVersion = 1;
	classes = {
	};
	objectVersion = 46;
	objects = {

/* Begin PBXBuildFile section */
		D6052FE813F2220000C3C586 /* main.m in Sources */ = {isa = PBXBuildFile; fileRef = D6052FE713F2220000C3C586 /* main.m */; };
		D605302C13F2396200C3C586 /* IOKit.framework in Frameworks */ = {isa = PBXBuildFile; fileRef = D605302B13F2396200C3C586 /* IOKit.framework */; };
		D690D9D613F5D0E300F92C47 /* Agent.sdef in Resources */ = {isa = PBXBuildFile; fileRef = D690D9D513F5D0E300F92C47 /* Agent.sdef */; };
		D690D9D913F5D27100F92C47 /* AgentScripting.m in Sources */ = {isa = PBXBuildFile; fileRef = D690D9D813F5D27100F92C47 /* AgentScripting.m */; };
		D6B7B99113F099B8000D02E8 /* Cocoa.framework in Frameworks */ = {isa = PBXBuildFile; fileRef = D6B7B99013F099B8000D02E8 /* Cocoa.framework */; };
		D6B7B99B13F099B8000D02E8 /* InfoPlist.strings in Resources */ = {isa = PBXBuildFile; fileRef = D6B7B99913F099B8000D02E8 /* InfoPlist.strings */; };
		D6B7B9A413F099B8000D02E8 /* Agent.mm in Sources */ = {isa = PBXBuildFile; fileRef = D6B7B9A313F099B8000D02E8 /* Agent.mm */; };
		D6B7B9A713F099B9000D02E8 /* MainMenu.xib in Resources */ = {isa = PBXBuildFile; fileRef = D6B7B9A513F099B9000D02E8 /* MainMenu.xib */; };
/* End PBXBuildFile section */

/* Begin PBXFileReference section */
		D6052FE713F2220000C3C586 /* main.m */ = {isa = PBXFileReference; fileEncoding = 4; lastKnownFileType = sourcecode.c.objc; path = main.m; sourceTree = "<group>"; };
		D605302B13F2396200C3C586 /* IOKit.framework */ = {isa = PBXFileReference; lastKnownFileType = wrapper.framework; name = IOKit.framework; path = System/Library/Frameworks/IOKit.framework; sourceTree = SDKROOT; };
		D65E17C413F21F58007D1032 /* echelon.h */ = {isa = PBXFileReference; fileEncoding = 4; lastKnownFileType = sourcecode.c.h; name = echelon.h; path = ../kext/echelon.h; sourceTree = "<group>"; };
		D690D9D513F5D0E300F92C47 /* Agent.sdef */ = {isa = PBXFileReference; fileEncoding = 4; lastKnownFileType = text; path = Agent.sdef; sourceTree = "<group>"; };
		D690D9D713F5D27100F92C47 /* AgentScripting.h */ = {isa = PBXFileReference; fileEncoding = 4; lastKnownFileType = sourcecode.c.h; path = AgentScripting.h; sourceTree = "<group>"; };
		D690D9D813F5D27100F92C47 /* AgentScripting.m */ = {isa = PBXFileReference; fileEncoding = 4; lastKnownFileType = sourcecode.c.objc; path = AgentScripting.m; sourceTree = "<group>"; };
		D6B7B98C13F099B8000D02E8 /* AsepsisAgent.app */ = {isa = PBXFileReference; explicitFileType = wrapper.application; includeInIndex = 0; path = AsepsisAgent.app; sourceTree = BUILT_PRODUCTS_DIR; };
		D6B7B99013F099B8000D02E8 /* Cocoa.framework */ = {isa = PBXFileReference; lastKnownFileType = wrapper.framework; name = Cocoa.framework; path = System/Library/Frameworks/Cocoa.framework; sourceTree = SDKROOT; };
		D6B7B99313F099B8000D02E8 /* AppKit.framework */ = {isa = PBXFileReference; lastKnownFileType = wrapper.framework; name = AppKit.framework; path = System/Library/Frameworks/AppKit.framework; sourceTree = SDKROOT; };
		D6B7B99413F099B8000D02E8 /* CoreData.framework */ = {isa = PBXFileReference; lastKnownFileType = wrapper.framework; name = CoreData.framework; path = System/Library/Frameworks/CoreData.framework; sourceTree = SDKROOT; };
		D6B7B99513F099B8000D02E8 /* Foundation.framework */ = {isa = PBXFileReference; lastKnownFileType = wrapper.framework; name = Foundation.framework; path = System/Library/Frameworks/Foundation.framework; sourceTree = SDKROOT; };
		D6B7B99813F099B8000D02E8 /* Info.plist */ = {isa = PBXFileReference; lastKnownFileType = text.plist.xml; path = Info.plist; sourceTree = "<group>"; };
		D6B7B99A13F099B8000D02E8 /* en */ = {isa = PBXFileReference; lastKnownFileType = text.plist.strings; name = en; path = en.lproj/InfoPlist.strings; sourceTree = "<group>"; };
		D6B7B99E13F099B8000D02E8 /* Prefix.pch */ = {isa = PBXFileReference; lastKnownFileType = sourcecode.c.h; path = Prefix.pch; sourceTree = "<group>"; };
		D6B7B9A213F099B8000D02E8 /* Agent.h */ = {isa = PBXFileReference; lastKnownFileType = sourcecode.c.h; path = Agent.h; sourceTree = "<group>"; };
		D6B7B9A313F099B8000D02E8 /* Agent.mm */ = {isa = PBXFileReference; lastKnownFileType = sourcecode.cpp.objcpp; path = Agent.mm; sourceTree = "<group>"; };
		D6B7B9A613F099B9000D02E8 /* en */ = {isa = PBXFileReference; lastKnownFileType = file.xib; name = en; path = en.lproj/MainMenu.xib; sourceTree = "<group>"; };
/* End PBXFileReference section */

/* Begin PBXFrameworksBuildPhase section */
		D6B7B98913F099B8000D02E8 /* Frameworks */ = {
			isa = PBXFrameworksBuildPhase;
			buildActionMask = 2147483647;
			files = (
				D605302C13F2396200C3C586 /* IOKit.framework in Frameworks */,
				D6B7B99113F099B8000D02E8 /* Cocoa.framework in Frameworks */,
			);
			runOnlyForDeploymentPostprocessing = 0;
		};
/* End PBXFrameworksBuildPhase section */

/* Begin PBXGroup section */
		D6B7B98113F099B8000D02E8 = {
			isa = PBXGroup;
			children = (
				D605302B13F2396200C3C586 /* IOKit.framework */,
				D6B7B99613F099B8000D02E8 /* Source */,
				D6B7B98F13F099B8000D02E8 /* Frameworks */,
				D6B7B98D13F099B8000D02E8 /* Products */,
			);
			sourceTree = "<group>";
		};
		D6B7B98D13F099B8000D02E8 /* Products */ = {
			isa = PBXGroup;
			children = (
				D6B7B98C13F099B8000D02E8 /* AsepsisAgent.app */,
			);
			name = Products;
			sourceTree = "<group>";
		};
		D6B7B98F13F099B8000D02E8 /* Frameworks */ = {
			isa = PBXGroup;
			children = (
				D6B7B99013F099B8000D02E8 /* Cocoa.framework */,
				D6B7B99213F099B8000D02E8 /* Other Frameworks */,
			);
			name = Frameworks;
			sourceTree = "<group>";
		};
		D6B7B99213F099B8000D02E8 /* Other Frameworks */ = {
			isa = PBXGroup;
			children = (
				D6B7B99313F099B8000D02E8 /* AppKit.framework */,
				D6B7B99413F099B8000D02E8 /* CoreData.framework */,
				D6B7B99513F099B8000D02E8 /* Foundation.framework */,
			);
			name = "Other Frameworks";
			sourceTree = "<group>";
		};
		D6B7B99613F099B8000D02E8 /* Source */ = {
			isa = PBXGroup;
			children = (
				D6052FE713F2220000C3C586 /* main.m */,
				D65E17C413F21F58007D1032 /* echelon.h */,
				D6B7B9A213F099B8000D02E8 /* Agent.h */,
				D6B7B9A313F099B8000D02E8 /* Agent.mm */,
				D6B7B9A513F099B9000D02E8 /* MainMenu.xib */,
				D6B7B99713F099B8000D02E8 /* Supporting Files */,
				D690D9D713F5D27100F92C47 /* AgentScripting.h */,
				D690D9D813F5D27100F92C47 /* AgentScripting.m */,
			);
			name = Source;
			sourceTree = "<group>";
		};
		D6B7B99713F099B8000D02E8 /* Supporting Files */ = {
			isa = PBXGroup;
			children = (
				D690D9D513F5D0E300F92C47 /* Agent.sdef */,
				D6B7B99813F099B8000D02E8 /* Info.plist */,
				D6B7B99913F099B8000D02E8 /* InfoPlist.strings */,
				D6B7B99E13F099B8000D02E8 /* Prefix.pch */,
			);
			name = "Supporting Files";
			sourceTree = "<group>";
		};
/* End PBXGroup section */

/* Begin PBXNativeTarget section */
		D6B7B98B13F099B8000D02E8 /* AsepsisAgent */ = {
			isa = PBXNativeTarget;
			buildConfigurationList = D6B7B9AA13F099B9000D02E8 /* Build configuration list for PBXNativeTarget "AsepsisAgent" */;
			buildPhases = (
				D6B7B98813F099B8000D02E8 /* Sources */,
				D6B7B98913F099B8000D02E8 /* Frameworks */,
				D6B7B98A13F099B8000D02E8 /* Resources */,
			);
			buildRules = (
			);
			dependencies = (
			);
			name = AsepsisAgent;
			productName = agent;
			productReference = D6B7B98C13F099B8000D02E8 /* AsepsisAgent.app */;
			productType = "com.apple.product-type.application";
		};
/* End PBXNativeTarget section */

/* Begin PBXProject section */
		D6B7B98313F099B8000D02E8 /* Project object */ = {
			isa = PBXProject;
			buildConfigurationList = D6B7B98613F099B8000D02E8 /* Build configuration list for PBXProject "agent" */;
			compatibilityVersion = "Xcode 3.2";
			developmentRegion = English;
			hasScannedForEncodings = 0;
			knownRegions = (
				en,
			);
			mainGroup = D6B7B98113F099B8000D02E8;
			productRefGroup = D6B7B98D13F099B8000D02E8 /* Products */;
			projectDirPath = "";
			projectRoot = "";
			targets = (
				D6B7B98B13F099B8000D02E8 /* AsepsisAgent */,
			);
		};
/* End PBXProject section */

/* Begin PBXResourcesBuildPhase section */
		D6B7B98A13F099B8000D02E8 /* Resources */ = {
			isa = PBXResourcesBuildPhase;
			buildActionMask = 2147483647;
			files = (
				D6B7B99B13F099B8000D02E8 /* InfoPlist.strings in Resources */,
				D6B7B9A713F099B9000D02E8 /* MainMenu.xib in Resources */,
				D690D9D613F5D0E300F92C47 /* Agent.sdef in Resources */,
			);
			runOnlyForDeploymentPostprocessing = 0;
		};
/* End PBXResourcesBuildPhase section */

/* Begin PBXSourcesBuildPhase section */
		D6B7B98813F099B8000D02E8 /* Sources */ = {
			isa = PBXSourcesBuildPhase;
			buildActionMask = 2147483647;
			files = (
				D6B7B9A413F099B8000D02E8 /* Agent.mm in Sources */,
				D6052FE813F2220000C3C586 /* main.m in Sources */,
				D690D9D913F5D27100F92C47 /* AgentScripting.m in Sources */,
			);
			runOnlyForDeploymentPostprocessing = 0;
		};
/* End PBXSourcesBuildPhase section */

/* Begin PBXVariantGroup section */
		D6B7B99913F099B8000D02E8 /* InfoPlist.strings */ = {
			isa = PBXVariantGroup;
			children = (
				D6B7B99A13F099B8000D02E8 /* en */,
			);
			name = InfoPlist.strings;
			sourceTree = "<group>";
		};
		D6B7B9A513F099B9000D02E8 /* MainMenu.xib */ = {
			isa = PBXVariantGroup;
			children = (
				D6B7B9A613F099B9000D02E8 /* en */,
			);
			name = MainMenu.xib;
			sourceTree = "<group>";
		};
/* End PBXVariantGroup section */

/* Begin XCBuildConfiguration section */
		D6B7B9A813F099B9000D02E8 /* Debug */ = {
			isa = XCBuildConfiguration;
			buildSettings = {
				ALWAYS_SEARCH_USER_PATHS = NO;
				ARCHS = "$(ARCHS_STANDARD_64_BIT)";
				COPY_PHASE_STRIP = NO;
				GCC_C_LANGUAGE_STANDARD = gnu99;
				GCC_DYNAMIC_NO_PIC = NO;
				GCC_ENABLE_OBJC_EXCEPTIONS = YES;
				GCC_OPTIMIZATION_LEVEL = 0;
				GCC_PREPROCESSOR_DEFINITIONS = (
					"DEBUG=1",
					"$(inherited)",
				);
				GCC_SYMBOLS_PRIVATE_EXTERN = NO;
				GCC_VERSION = com.apple.compilers.llvm.clang.1_0;
				GCC_WARN_64_TO_32_BIT_CONVERSION = YES;
				GCC_WARN_ABOUT_MISSING_PROTOTYPES = YES;
				GCC_WARN_ABOUT_RETURN_TYPE = YES;
				GCC_WARN_UNUSED_VARIABLE = YES;
				MACOSX_DEPLOYMENT_TARGET = 10.7;
				ONLY_ACTIVE_ARCH = YES;
				SDKROOT = macosx;
			};
			name = Debug;
		};
		D6B7B9A913F099B9000D02E8 /* Release */ = {
			isa = XCBuildConfiguration;
			buildSettings = {
				ALWAYS_SEARCH_USER_PATHS = NO;
				ARCHS = "$(ARCHS_STANDARD_64_BIT)";
				COPY_PHASE_STRIP = YES;
				DEBUG_INFORMATION_FORMAT = "dwarf-with-dsym";
				GCC_C_LANGUAGE_STANDARD = gnu99;
				GCC_ENABLE_OBJC_EXCEPTIONS = YES;
				GCC_VERSION = com.apple.compilers.llvm.clang.1_0;
				GCC_WARN_64_TO_32_BIT_CONVERSION = YES;
				GCC_WARN_ABOUT_MISSING_PROTOTYPES = YES;
				GCC_WARN_ABOUT_RETURN_TYPE = YES;
				GCC_WARN_UNUSED_VARIABLE = YES;
				MACOSX_DEPLOYMENT_TARGET = 10.7;
				SDKROOT = macosx;
			};
			name = Release;
		};
		D6B7B9AB13F099B9000D02E8 /* Debug */ = {
			isa = XCBuildConfiguration;
			buildSettings = {
				GCC_PRECOMPILE_PREFIX_HEADER = YES;
				GCC_PREFIX_HEADER = Prefix.pch;
				INFOPLIST_FILE = Info.plist;
				PRODUCT_NAME = "$(TARGET_NAME)";
				WRAPPER_EXTENSION = app;
			};
			name = Debug;
		};
		D6B7B9AC13F099B9000D02E8 /* Release */ = {
			isa = XCBuildConfiguration;
			buildSettings = {
				GCC_PRECOMPILE_PREFIX_HEADER = YES;
				GCC_PREFIX_HEADER = Prefix.pch;
				INFOPLIST_FILE = Info.plist;
				PRODUCT_NAME = "$(TARGET_NAME)";
				WRAPPER_EXTENSION = app;
			};
			name = Release;
		};
/* End XCBuildConfiguration section */

/* Begin XCConfigurationList section */
		D6B7B98613F099B8000D02E8 /* Build configuration list for PBXProject "agent" */ = {
			isa = XCConfigurationList;
			buildConfigurations = (
				D6B7B9A813F099B9000D02E8 /* Debug */,
				D6B7B9A913F099B9000D02E8 /* Release */,
			);
			defaultConfigurationIsVisible = 0;
			defaultConfigurationName = Release;
		};
		D6B7B9AA13F099B9000D02E8 /* Build configuration list for PBXNativeTarget "AsepsisAgent" */ = {
			isa = XCConfigurationList;
			buildConfigurations = (
				D6B7B9AB13F099B9000D02E8 /* Debug */,
				D6B7B9AC13F099B9000D02E8 /* Release */,
			);
			defaultConfigurationIsVisible = 0;
			defaultConfigurationName = Release;
		};
/* End XCConfigurationList section */
	};
	rootObject = D6B7B98313F099B8000D02E8 /* Project object */;
}
