// !$*UTF8*$!
{
	archiveVersion = 1;
	classes = {
	};
	objectVersion = 46;
	objects = {

/* Begin PBXBuildFile section */
		32A4FEBC0562C75700D090E7 /* InfoPlist.strings in Resources */ = {isa = PBXBuildFile; fileRef = 089C167DFE841241C02AAC07 /* InfoPlist.strings */; };
		32A4FEBE0562C75700D090E7 /* echelon.c in Sources */ = {isa = PBXBuildFile; fileRef = 1A224C3CFF42312311CA2CB7 /* echelon.c */; settings = {ATTRIBUTES = (); }; };
		D6363F5711728086000105D8 /* client.c in Sources */ = {isa = PBXBuildFile; fileRef = D6363F5611728086000105D8 /* client.c */; };
		D66665DB14058DCF005653AC /* com.binaryage.asepsis.uninstall.plist in Resources */ = {isa = PBXBuildFile; fileRef = D66665DA14058DCF005653AC /* com.binaryage.asepsis.uninstall.plist */; };
		D66665DE14058DF8005653AC /* finish-uninstall.sh in Resources */ = {isa = PBXBuildFile; fileRef = D66665DD14058DF8005653AC /* finish-uninstall.sh */; };
		D67039E31575D49400E9497B /* com.binaryage.asepsis.updater.plist in Resources */ = {isa = PBXBuildFile; fileRef = D67039E21575D49400E9497B /* com.binaryage.asepsis.updater.plist */; };
		D68ADA4211727C840086B51D /* echelon.h in Headers */ = {isa = PBXBuildFile; fileRef = D68ADA4111727C840086B51D /* echelon.h */; };
		D6F9DE6B13FB5E7D0050D4D4 /* com.binaryage.asepsis.daemon.plist in Resources */ = {isa = PBXBuildFile; fileRef = D6F9DE6A13FB5E7D0050D4D4 /* com.binaryage.asepsis.daemon.plist */; };
/* End PBXBuildFile section */

/* Begin PBXFileReference section */
		089C167EFE841241C02AAC07 /* English */ = {isa = PBXFileReference; fileEncoding = 4; lastKnownFileType = text.plist.strings; name = English; path = English.lproj/InfoPlist.strings; sourceTree = "<group>"; };
		1A224C3CFF42312311CA2CB7 /* echelon.c */ = {isa = PBXFileReference; fileEncoding = 4; lastKnownFileType = sourcecode.c.c; path = echelon.c; sourceTree = "<group>"; };
		32A4FEC30562C75700D090E7 /* Info.plist */ = {isa = PBXFileReference; lastKnownFileType = text.plist.xml; path = Info.plist; sourceTree = "<group>"; };
		D27513B306A6225300ADB3A4 /* Kernel.framework */ = {isa = PBXFileReference; lastKnownFileType = wrapper.framework; name = Kernel.framework; path = /System/Library/Frameworks/Kernel.framework; sourceTree = "<absolute>"; };
		D6363F5611728086000105D8 /* client.c */ = {isa = PBXFileReference; fileEncoding = 4; lastKnownFileType = sourcecode.c.c; path = client.c; sourceTree = "<group>"; };
		D66665CD1405716E005653AC /* TestClient */ = {isa = PBXFileReference; explicitFileType = "compiled.mach-o.executable"; includeInIndex = 0; path = TestClient; sourceTree = BUILT_PRODUCTS_DIR; };
		D66665DA14058DCF005653AC /* com.binaryage.asepsis.uninstall.plist */ = {isa = PBXFileReference; lastKnownFileType = text.plist; path = com.binaryage.asepsis.uninstall.plist; sourceTree = "<group>"; };
		D66665DD14058DF8005653AC /* finish-uninstall.sh */ = {isa = PBXFileReference; fileEncoding = 4; lastKnownFileType = text.script.sh; path = "finish-uninstall.sh"; sourceTree = "<group>"; };
		D67039E21575D49400E9497B /* com.binaryage.asepsis.updater.plist */ = {isa = PBXFileReference; fileEncoding = 4; lastKnownFileType = text.plist.xml; path = com.binaryage.asepsis.updater.plist; sourceTree = "<group>"; };
		D68ADA4111727C840086B51D /* echelon.h */ = {isa = PBXFileReference; fileEncoding = 4; lastKnownFileType = sourcecode.c.h; path = echelon.h; sourceTree = "<group>"; };
		D6F9DE6A13FB5E7D0050D4D4 /* com.binaryage.asepsis.daemon.plist */ = {isa = PBXFileReference; fileEncoding = 4; lastKnownFileType = text.plist.xml; path = com.binaryage.asepsis.daemon.plist; sourceTree = "<group>"; };
		D6F9DE6D13FB663B0050D4D4 /* Asepsis.kext */ = {isa = PBXFileReference; explicitFileType = wrapper.cfbundle; includeInIndex = 0; path = Asepsis.kext; sourceTree = BUILT_PRODUCTS_DIR; };
/* End PBXFileReference section */

/* Begin PBXFrameworksBuildPhase section */
		32A4FEBF0562C75700D090E7 /* Frameworks */ = {
			isa = PBXFrameworksBuildPhase;
			buildActionMask = 2147483647;
			files = (
			);
			runOnlyForDeploymentPostprocessing = 0;
		};
		D6363F501172806C000105D8 /* Frameworks */ = {
			isa = PBXFrameworksBuildPhase;
			buildActionMask = 2147483647;
			files = (
			);
			runOnlyForDeploymentPostprocessing = 0;
		};
/* End PBXFrameworksBuildPhase section */

/* Begin PBXGroup section */
		089C166AFE841209C02AAC07 /* echelon */ = {
			isa = PBXGroup;
			children = (
				D6363F3611727FB9000105D8 /* TestClient */,
				247142CAFF3F8F9811CA285C /* Echelon */,
				089C167CFE841241C02AAC07 /* Resources */,
				D27513B306A6225300ADB3A4 /* Kernel.framework */,
				D6F9DE6E13FB663B0050D4D4 /* Products */,
			);
			name = echelon;
			sourceTree = "<group>";
		};
		089C167CFE841241C02AAC07 /* Resources */ = {
			isa = PBXGroup;
			children = (
				D67039E21575D49400E9497B /* com.binaryage.asepsis.updater.plist */,
				D6F9DE6A13FB5E7D0050D4D4 /* com.binaryage.asepsis.daemon.plist */,
				32A4FEC30562C75700D090E7 /* Info.plist */,
				089C167DFE841241C02AAC07 /* InfoPlist.strings */,
				D66665DA14058DCF005653AC /* com.binaryage.asepsis.uninstall.plist */,
				D66665DD14058DF8005653AC /* finish-uninstall.sh */,
			);
			name = Resources;
			sourceTree = "<group>";
		};
		247142CAFF3F8F9811CA285C /* Echelon */ = {
			isa = PBXGroup;
			children = (
				D68ADA4111727C840086B51D /* echelon.h */,
				1A224C3CFF42312311CA2CB7 /* echelon.c */,
			);
			name = Echelon;
			sourceTree = "<group>";
		};
		D6363F3611727FB9000105D8 /* TestClient */ = {
			isa = PBXGroup;
			children = (
				D6363F5611728086000105D8 /* client.c */,
			);
			name = TestClient;
			sourceTree = "<group>";
		};
		D6F9DE6E13FB663B0050D4D4 /* Products */ = {
			isa = PBXGroup;
			children = (
				D6F9DE6D13FB663B0050D4D4 /* Asepsis.kext */,
				D66665CD1405716E005653AC /* TestClient */,
			);
			name = Products;
			sourceTree = "<group>";
		};
/* End PBXGroup section */

/* Begin PBXHeadersBuildPhase section */
		32A4FEBA0562C75700D090E7 /* Headers */ = {
			isa = PBXHeadersBuildPhase;
			buildActionMask = 2147483647;
			files = (
				D68ADA4211727C840086B51D /* echelon.h in Headers */,
			);
			runOnlyForDeploymentPostprocessing = 0;
		};
/* End PBXHeadersBuildPhase section */

/* Begin PBXNativeTarget section */
		32A4FEB80562C75700D090E7 /* Asepsis.kext */ = {
			isa = PBXNativeTarget;
			buildConfigurationList = 1DEB91C308733DAC0010E9CD /* Build configuration list for PBXNativeTarget "Asepsis.kext" */;
			buildPhases = (
				32A4FEBA0562C75700D090E7 /* Headers */,
				32A4FEBB0562C75700D090E7 /* Resources */,
				32A4FEBD0562C75700D090E7 /* Sources */,
				32A4FEBF0562C75700D090E7 /* Frameworks */,
			);
			buildRules = (
			);
			dependencies = (
			);
			name = Asepsis.kext;
			productInstallPath = "$(SYSTEM_LIBRARY_DIR)/Extensions";
			productName = echelon;
			productReference = D6F9DE6D13FB663B0050D4D4 /* Asepsis.kext */;
			productType = "com.apple.product-type.kernel-extension";
		};
		D6363F511172806C000105D8 /* TestClient */ = {
			isa = PBXNativeTarget;
			buildConfigurationList = D6363F5811728086000105D8 /* Build configuration list for PBXNativeTarget "TestClient" */;
			buildPhases = (
				D6363F4F1172806C000105D8 /* Sources */,
				D6363F501172806C000105D8 /* Frameworks */,
			);
			buildRules = (
			);
			dependencies = (
			);
			name = TestClient;
			productName = TestClient;
			productReference = D66665CD1405716E005653AC /* TestClient */;
			productType = "com.apple.product-type.tool";
		};
/* End PBXNativeTarget section */

/* Begin PBXProject section */
		089C1669FE841209C02AAC07 /* Project object */ = {
			isa = PBXProject;
			attributes = {
				BuildIndependentTargetsInParallel = YES;
				LastUpgradeCheck = 0430;
				ORGANIZATIONNAME = BinaryAge;
			};
			buildConfigurationList = 1DEB91C708733DAC0010E9CD /* Build configuration list for PBXProject "kext" */;
			compatibilityVersion = "Xcode 3.2";
			developmentRegion = English;
			hasScannedForEncodings = 1;
			knownRegions = (
				en,
			);
			mainGroup = 089C166AFE841209C02AAC07 /* echelon */;
			productRefGroup = D6F9DE6E13FB663B0050D4D4 /* Products */;
			projectDirPath = "";
			projectRoot = "";
			targets = (
				32A4FEB80562C75700D090E7 /* Asepsis.kext */,
				D6363F511172806C000105D8 /* TestClient */,
			);
		};
/* End PBXProject section */

/* Begin PBXResourcesBuildPhase section */
		32A4FEBB0562C75700D090E7 /* Resources */ = {
			isa = PBXResourcesBuildPhase;
			buildActionMask = 2147483647;
			files = (
				32A4FEBC0562C75700D090E7 /* InfoPlist.strings in Resources */,
				D6F9DE6B13FB5E7D0050D4D4 /* com.binaryage.asepsis.daemon.plist in Resources */,
				D66665DB14058DCF005653AC /* com.binaryage.asepsis.uninstall.plist in Resources */,
				D66665DE14058DF8005653AC /* finish-uninstall.sh in Resources */,
				D67039E31575D49400E9497B /* com.binaryage.asepsis.updater.plist in Resources */,
			);
			runOnlyForDeploymentPostprocessing = 0;
		};
/* End PBXResourcesBuildPhase section */

/* Begin PBXSourcesBuildPhase section */
		32A4FEBD0562C75700D090E7 /* Sources */ = {
			isa = PBXSourcesBuildPhase;
			buildActionMask = 2147483647;
			files = (
				32A4FEBE0562C75700D090E7 /* echelon.c in Sources */,
			);
			runOnlyForDeploymentPostprocessing = 0;
		};
		D6363F4F1172806C000105D8 /* Sources */ = {
			isa = PBXSourcesBuildPhase;
			buildActionMask = 2147483647;
			files = (
				D6363F5711728086000105D8 /* client.c in Sources */,
			);
			runOnlyForDeploymentPostprocessing = 0;
		};
/* End PBXSourcesBuildPhase section */

/* Begin PBXVariantGroup section */
		089C167DFE841241C02AAC07 /* InfoPlist.strings */ = {
			isa = PBXVariantGroup;
			children = (
				089C167EFE841241C02AAC07 /* English */,
			);
			name = InfoPlist.strings;
			sourceTree = "<group>";
		};
/* End PBXVariantGroup section */

/* Begin XCBuildConfiguration section */
		1DEB91C408733DAC0010E9CD /* Debug */ = {
			isa = XCBuildConfiguration;
			buildSettings = {
				ALWAYS_SEARCH_USER_PATHS = NO;
				GCC_DYNAMIC_NO_PIC = NO;
				GCC_MODEL_TUNING = G5;
				GCC_OPTIMIZATION_LEVEL = 0;
				GCC_PREPROCESSOR_DEFINITIONS = "DEBUG=1";
				INFOPLIST_FILE = Info.plist;
				MODULE_NAME = com.binaryage.asepsis.kext;
				MODULE_START = echelon_start;
				MODULE_STOP = echelon_stop;
				MODULE_VERSION = 1.0.0;
				ONLY_ACTIVE_ARCH = NO;
				PRODUCT_NAME = Asepsis;
				SDKROOT = macosx;
				SKIP_INSTALL = YES;
				WRAPPER_EXTENSION = kext;
			};
			name = Debug;
		};
		1DEB91C508733DAC0010E9CD /* Release */ = {
			isa = XCBuildConfiguration;
			buildSettings = {
				ALWAYS_SEARCH_USER_PATHS = NO;
				INFOPLIST_FILE = Info.plist;
				MODULE_NAME = com.binaryage.asepsis.kext;
				MODULE_START = echelon_start;
				MODULE_STOP = echelon_stop;
				MODULE_VERSION = 1.0.0;
				PRODUCT_NAME = Asepsis;
				SDKROOT = macosx;
				SKIP_INSTALL = YES;
				WRAPPER_EXTENSION = kext;
			};
			name = Release;
		};
		1DEB91C808733DAC0010E9CD /* Debug */ = {
			isa = XCBuildConfiguration;
			buildSettings = {
				ARCHS = (
					x86_64,
					i386,
				);
				DEBUG_INFORMATION_FORMAT = dwarf;
				GCC_C_LANGUAGE_STANDARD = gnu99;
				GCC_OPTIMIZATION_LEVEL = 0;
				GCC_VERSION = com.apple.compilers.llvm.clang.1_0;
				GCC_WARN_ABOUT_RETURN_TYPE = YES;
				GCC_WARN_UNUSED_VARIABLE = YES;
				MACOSX_DEPLOYMENT_TARGET = 10.7;
				ONLY_ACTIVE_ARCH = YES;
				SDKROOT = macosx;
			};
			name = Debug;
		};
		1DEB91C908733DAC0010E9CD /* Release */ = {
			isa = XCBuildConfiguration;
			buildSettings = {
				ARCHS = (
					x86_64,
					i386,
				);
				DEBUG_INFORMATION_FORMAT = dwarf;
				GCC_C_LANGUAGE_STANDARD = gnu99;
				GCC_VERSION = com.apple.compilers.llvm.clang.1_0;
				GCC_WARN_ABOUT_RETURN_TYPE = YES;
				GCC_WARN_UNUSED_VARIABLE = YES;
				MACOSX_DEPLOYMENT_TARGET = 10.7;
				SDKROOT = macosx;
			};
			name = Release;
		};
		D6363F541172806D000105D8 /* Debug */ = {
			isa = XCBuildConfiguration;
			buildSettings = {
				ALWAYS_SEARCH_USER_PATHS = NO;
				COPY_PHASE_STRIP = YES;
				DEBUG_INFORMATION_FORMAT = dwarf;
				GCC_DYNAMIC_NO_PIC = NO;
				GCC_MODEL_TUNING = G5;
				GCC_OPTIMIZATION_LEVEL = 0;
				GCC_PRECOMPILE_PREFIX_HEADER = YES;
				PRODUCT_NAME = TestClient;
				SDKROOT = macosx;
				SKIP_INSTALL = YES;
			};
			name = Debug;
		};
		D6363F551172806D000105D8 /* Release */ = {
			isa = XCBuildConfiguration;
			buildSettings = {
				ALWAYS_SEARCH_USER_PATHS = NO;
				COPY_PHASE_STRIP = YES;
				DEBUG_INFORMATION_FORMAT = dwarf;
				GCC_MODEL_TUNING = G5;
				GCC_PRECOMPILE_PREFIX_HEADER = YES;
				PRODUCT_NAME = TestClient;
				SDKROOT = macosx;
				SKIP_INSTALL = YES;
				ZERO_LINK = NO;
			};
			name = Release;
		};
/* End XCBuildConfiguration section */

/* Begin XCConfigurationList section */
		1DEB91C308733DAC0010E9CD /* Build configuration list for PBXNativeTarget "Asepsis.kext" */ = {
			isa = XCConfigurationList;
			buildConfigurations = (
				1DEB91C408733DAC0010E9CD /* Debug */,
				1DEB91C508733DAC0010E9CD /* Release */,
			);
			defaultConfigurationIsVisible = 0;
			defaultConfigurationName = Release;
		};
		1DEB91C708733DAC0010E9CD /* Build configuration list for PBXProject "kext" */ = {
			isa = XCConfigurationList;
			buildConfigurations = (
				1DEB91C808733DAC0010E9CD /* Debug */,
				1DEB91C908733DAC0010E9CD /* Release */,
			);
			defaultConfigurationIsVisible = 0;
			defaultConfigurationName = Release;
		};
		D6363F5811728086000105D8 /* Build configuration list for PBXNativeTarget "TestClient" */ = {
			isa = XCConfigurationList;
			buildConfigurations = (
				D6363F541172806D000105D8 /* Debug */,
				D6363F551172806D000105D8 /* Release */,
			);
			defaultConfigurationIsVisible = 0;
			defaultConfigurationName = Release;
		};
/* End XCConfigurationList section */
	};
	rootObject = 089C1669FE841209C02AAC07 /* Project object */;
}
